
Microsoft Visual Studio Solution File, Format Version 12.00
# Visual Studio 14
VisualStudioVersion = 14.0.23107.0
MinimumVisualStudioVersion = 10.0.40219.1
Project("{FAE04EC0-301F-11D3-BF4B-00C04F79EFBC}") = "Demo", "Demo\Demo.csproj", "{19FD1EC6-76BF-4A8A-9724-8750A130294D}"
EndProject
Project("{FAE04EC0-301F-11D3-BF4B-00C04F79EFBC}") = "Neumann.TouchControls", "Neumann.TouchControls\Neumann.TouchControls.csproj", "{BD382F5E-FF22-4F73-B638-630CFE0C797D}"
EndProject
Global
	GlobalSection(SolutionConfigurationPlatforms) = preSolution
		Ad-Hoc|Any CPU = Ad-Hoc|Any CPU
		Ad-Hoc|ARM = Ad-Hoc|ARM
		Ad-Hoc|iPhone = Ad-Hoc|iPhone
		Ad-Hoc|iPhoneSimulator = Ad-Hoc|iPhoneSimulator
		Ad-Hoc|x64 = Ad-Hoc|x64
		Ad-Hoc|x86 = Ad-Hoc|x86
		AppStore|Any CPU = AppStore|Any CPU
		AppStore|ARM = AppStore|ARM
		AppStore|iPhone = AppStore|iPhone
		AppStore|iPhoneSimulator = AppStore|iPhoneSimulator
		AppStore|x64 = AppStore|x64
		AppStore|x86 = AppStore|x86
		Debug|Any CPU = Debug|Any CPU
		Debug|ARM = Debug|ARM
		Debug|iPhone = Debug|iPhone
		Debug|iPhoneSimulator = Debug|iPhoneSimulator
		Debug|x64 = Debug|x64
		Debug|x86 = Debug|x86
		Release|Any CPU = Release|Any CPU
		Release|ARM = Release|ARM
		Release|iPhone = Release|iPhone
		Release|iPhoneSimulator = Release|iPhoneSimulator
		Release|x64 = Release|x64
		Release|x86 = Release|x86
	EndGlobalSection
	GlobalSection(ProjectConfigurationPlatforms) = postSolution
		{19FD1EC6-76BF-4A8A-9724-8750A130294D}.Ad-Hoc|Any CPU.ActiveCfg = Release|x64
		{19FD1EC6-76BF-4A8A-9724-8750A130294D}.Ad-Hoc|Any CPU.Build.0 = Release|x64
		{19FD1EC6-76BF-4A8A-9724-8750A130294D}.Ad-Hoc|Any CPU.Deploy.0 = Release|x64
		{19FD1EC6-76BF-4A8A-9724-8750A130294D}.Ad-Hoc|ARM.ActiveCfg = Release|ARM
		{19FD1EC6-76BF-4A8A-9724-8750A130294D}.Ad-Hoc|ARM.Build.0 = Release|ARM
		{19FD1EC6-76BF-4A8A-9724-8750A130294D}.Ad-Hoc|ARM.Deploy.0 = Release|ARM
		{19FD1EC6-76BF-4A8A-9724-8750A130294D}.Ad-Hoc|iPhone.ActiveCfg = Release|x64
		{19FD1EC6-76BF-4A8A-9724-8750A130294D}.Ad-Hoc|iPhone.Build.0 = Release|x64
		{19FD1EC6-76BF-4A8A-9724-8750A130294D}.Ad-Hoc|iPhone.Deploy.0 = Release|x64
		{19FD1EC6-76BF-4A8A-9724-8750A130294D}.Ad-Hoc|iPhoneSimulator.ActiveCfg = Release|x64
		{19FD1EC6-76BF-4A8A-9724-8750A130294D}.Ad-Hoc|iPhoneSimulator.Build.0 = Release|x64
		{19FD1EC6-76BF-4A8A-9724-8750A130294D}.Ad-Hoc|iPhoneSimulator.Deploy.0 = Release|x64
		{19FD1EC6-76BF-4A8A-9724-8750A130294D}.Ad-Hoc|x64.ActiveCfg = Release|x64
		{19FD1EC6-76BF-4A8A-9724-8750A130294D}.Ad-Hoc|x64.Build.0 = Release|x64
		{19FD1EC6-76BF-4A8A-9724-8750A130294D}.Ad-Hoc|x64.Deploy.0 = Release|x64
		{19FD1EC6-76BF-4A8A-9724-8750A130294D}.Ad-Hoc|x86.ActiveCfg = Release|x86
		{19FD1EC6-76BF-4A8A-9724-8750A130294D}.Ad-Hoc|x86.Build.0 = Release|x86
		{19FD1EC6-76BF-4A8A-9724-8750A130294D}.Ad-Hoc|x86.Deploy.0 = Release|x86
		{19FD1EC6-76BF-4A8A-9724-8750A130294D}.AppStore|Any CPU.ActiveCfg = Release|x64
		{19FD1EC6-76BF-4A8A-9724-8750A130294D}.AppStore|Any CPU.Build.0 = Release|x64
		{19FD1EC6-76BF-4A8A-9724-8750A130294D}.AppStore|Any CPU.Deploy.0 = Release|x64
		{19FD1EC6-76BF-4A8A-9724-8750A130294D}.AppStore|ARM.ActiveCfg = Release|ARM
		{19FD1EC6-76BF-4A8A-9724-8750A130294D}.AppStore|ARM.Build.0 = Release|ARM
		{19FD1EC6-76BF-4A8A-9724-8750A130294D}.AppStore|ARM.Deploy.0 = Release|ARM
		{19FD1EC6-76BF-4A8A-9724-8750A130294D}.AppStore|iPhone.ActiveCfg = Release|x64
		{19FD1EC6-76BF-4A8A-9724-8750A130294D}.AppStore|iPhone.Build.0 = Release|x64
		{19FD1EC6-76BF-4A8A-9724-8750A130294D}.AppStore|iPhone.Deploy.0 = Release|x64
		{19FD1EC6-76BF-4A8A-9724-8750A130294D}.AppStore|iPhoneSimulator.ActiveCfg = Release|x64
		{19FD1EC6-76BF-4A8A-9724-8750A130294D}.AppStore|iPhoneSimulator.Build.0 = Release|x64
		{19FD1EC6-76BF-4A8A-9724-8750A130294D}.AppStore|iPhoneSimulator.Deploy.0 = Release|x64
		{19FD1EC6-76BF-4A8A-9724-8750A130294D}.AppStore|x64.ActiveCfg = Release|x64
		{19FD1EC6-76BF-4A8A-9724-8750A130294D}.AppStore|x64.Build.0 = Release|x64
		{19FD1EC6-76BF-4A8A-9724-8750A130294D}.AppStore|x64.Deploy.0 = Release|x64
		{19FD1EC6-76BF-4A8A-9724-8750A130294D}.AppStore|x86.ActiveCfg = Release|x86
		{19FD1EC6-76BF-4A8A-9724-8750A130294D}.AppStore|x86.Build.0 = Release|x86
		{19FD1EC6-76BF-4A8A-9724-8750A130294D}.AppStore|x86.Deploy.0 = Release|x86
		{19FD1EC6-76BF-4A8A-9724-8750A130294D}.Debug|Any CPU.ActiveCfg = Debug|x86
		{19FD1EC6-76BF-4A8A-9724-8750A130294D}.Debug|Any CPU.Build.0 = Debug|x86
		{19FD1EC6-76BF-4A8A-9724-8750A130294D}.Debug|Any CPU.Deploy.0 = Debug|x86
		{19FD1EC6-76BF-4A8A-9724-8750A130294D}.Debug|ARM.ActiveCfg = Debug|ARM
		{19FD1EC6-76BF-4A8A-9724-8750A130294D}.Debug|ARM.Build.0 = Debug|ARM
		{19FD1EC6-76BF-4A8A-9724-8750A130294D}.Debug|ARM.Deploy.0 = Debug|ARM
		{19FD1EC6-76BF-4A8A-9724-8750A130294D}.Debug|iPhone.ActiveCfg = Debug|x86
		{19FD1EC6-76BF-4A8A-9724-8750A130294D}.Debug|iPhoneSimulator.ActiveCfg = Debug|x86
		{19FD1EC6-76BF-4A8A-9724-8750A130294D}.Debug|x64.ActiveCfg = Debug|x64
		{19FD1EC6-76BF-4A8A-9724-8750A130294D}.Debug|x64.Build.0 = Debug|x64
		{19FD1EC6-76BF-4A8A-9724-8750A130294D}.Debug|x64.Deploy.0 = Debug|x64
		{19FD1EC6-76BF-4A8A-9724-8750A130294D}.Debug|x86.ActiveCfg = Debug|x86
		{19FD1EC6-76BF-4A8A-9724-8750A130294D}.Debug|x86.Build.0 = Debug|x86
		{19FD1EC6-76BF-4A8A-9724-8750A130294D}.Debug|x86.Deploy.0 = Debug|x86
		{19FD1EC6-76BF-4A8A-9724-8750A130294D}.Release|Any CPU.ActiveCfg = Release|x86
		{19FD1EC6-76BF-4A8A-9724-8750A130294D}.Release|ARM.ActiveCfg = Release|ARM
		{19FD1EC6-76BF-4A8A-9724-8750A130294D}.Release|ARM.Build.0 = Release|ARM
		{19FD1EC6-76BF-4A8A-9724-8750A130294D}.Release|ARM.Deploy.0 = Release|ARM
		{19FD1EC6-76BF-4A8A-9724-8750A130294D}.Release|iPhone.ActiveCfg = Release|x86
		{19FD1EC6-76BF-4A8A-9724-8750A130294D}.Release|iPhoneSimulator.ActiveCfg = Release|x86
		{19FD1EC6-76BF-4A8A-9724-8750A130294D}.Release|x64.ActiveCfg = Release|x64
		{19FD1EC6-76BF-4A8A-9724-8750A130294D}.Release|x64.Build.0 = Release|x64
		{19FD1EC6-76BF-4A8A-9724-8750A130294D}.Release|x64.Deploy.0 = Release|x64
		{19FD1EC6-76BF-4A8A-9724-8750A130294D}.Release|x86.ActiveCfg = Release|x86
		{19FD1EC6-76BF-4A8A-9724-8750A130294D}.Release|x86.Build.0 = Release|x86
		{19FD1EC6-76BF-4A8A-9724-8750A130294D}.Release|x86.Deploy.0 = Release|x86
		{BD382F5E-FF22-4F73-B638-630CFE0C797D}.Ad-Hoc|Any CPU.ActiveCfg = Release|Any CPU
		{BD382F5E-FF22-4F73-B638-630CFE0C797D}.Ad-Hoc|Any CPU.Build.0 = Release|Any CPU
		{BD382F5E-FF22-4F73-B638-630CFE0C797D}.Ad-Hoc|ARM.ActiveCfg = Release|ARM
		{BD382F5E-FF22-4F73-B638-630CFE0C797D}.Ad-Hoc|ARM.Build.0 = Release|ARM
		{BD382F5E-FF22-4F73-B638-630CFE0C797D}.Ad-Hoc|iPhone.ActiveCfg = Release|Any CPU
		{BD382F5E-FF22-4F73-B638-630CFE0C797D}.Ad-Hoc|iPhone.Build.0 = Release|Any CPU
		{BD382F5E-FF22-4F73-B638-630CFE0C797D}.Ad-Hoc|iPhoneSimulator.ActiveCfg = Release|Any CPU
		{BD382F5E-FF22-4F73-B638-630CFE0C797D}.Ad-Hoc|iPhoneSimulator.Build.0 = Release|Any CPU
		{BD382F5E-FF22-4F73-B638-630CFE0C797D}.Ad-Hoc|x64.ActiveCfg = Release|x64
		{BD382F5E-FF22-4F73-B638-630CFE0C797D}.Ad-Hoc|x64.Build.0 = Release|x64
		{BD382F5E-FF22-4F73-B638-630CFE0C797D}.Ad-Hoc|x86.ActiveCfg = Release|x86
		{BD382F5E-FF22-4F73-B638-630CFE0C797D}.Ad-Hoc|x86.Build.0 = Release|x86
		{BD382F5E-FF22-4F73-B638-630CFE0C797D}.AppStore|Any CPU.ActiveCfg = Release|Any CPU
		{BD382F5E-FF22-4F73-B638-630CFE0C797D}.AppStore|Any CPU.Build.0 = Release|Any CPU
		{BD382F5E-FF22-4F73-B638-630CFE0C797D}.AppStore|ARM.ActiveCfg = Release|ARM
		{BD382F5E-FF22-4F73-B638-630CFE0C797D}.AppStore|ARM.Build.0 = Release|ARM
		{BD382F5E-FF22-4F73-B638-630CFE0C797D}.AppStore|iPhone.ActiveCfg = Release|Any CPU
		{BD382F5E-FF22-4F73-B638-630CFE0C797D}.AppStore|iPhone.Build.0 = Release|Any CPU
		{BD382F5E-FF22-4F73-B638-630CFE0C797D}.AppStore|iPhoneSimulator.ActiveCfg = Release|Any CPU
		{BD382F5E-FF22-4F73-B638-630CFE0C797D}.AppStore|iPhoneSimulator.Build.0 = Release|Any CPU
		{BD382F5E-FF22-4F73-B638-630CFE0C797D}.AppStore|x64.ActiveCfg = Release|x64
		{BD382F5E-FF22-4F73-B638-630CFE0C797D}.AppStore|x64.Build.0 = Release|x64
		{BD382F5E-FF22-4F73-B638-630CFE0C797D}.AppStore|x86.ActiveCfg = Release|x86
		{BD382F5E-FF22-4F73-B638-630CFE0C797D}.AppStore|x86.Build.0 = Release|x86
		{BD382F5E-FF22-4F73-B638-630CFE0C797D}.Debug|Any CPU.ActiveCfg = Debug|Any CPU
		{BD382F5E-FF22-4F73-B638-630CFE0C797D}.Debug|Any CPU.Build.0 = Debug|Any CPU
		{BD382F5E-FF22-4F73-B638-630CFE0C797D}.Debug|ARM.ActiveCfg = Debug|ARM
		{BD382F5E-FF22-4F73-B638-630CFE0C797D}.Debug|ARM.Build.0 = Debug|ARM
		{BD382F5E-FF22-4F73-B638-630CFE0C797D}.Debug|iPhone.ActiveCfg = Debug|Any CPU
		{BD382F5E-FF22-4F73-B638-630CFE0C797D}.Debug|iPhone.Build.0 = Debug|Any CPU
		{BD382F5E-FF22-4F73-B638-630CFE0C797D}.Debug|iPhoneSimulator.ActiveCfg = Debug|Any CPU
		{BD382F5E-FF22-4F73-B638-630CFE0C797D}.Debug|iPhoneSimulator.Build.0 = Debug|Any CPU
		{BD382F5E-FF22-4F73-B638-630CFE0C797D}.Debug|x64.ActiveCfg = Debug|x64
		{BD382F5E-FF22-4F73-B638-630CFE0C797D}.Debug|x64.Build.0 = Debug|x64
		{BD382F5E-FF22-4F73-B638-630CFE0C797D}.Debug|x86.ActiveCfg = Debug|x86
		{BD382F5E-FF22-4F73-B638-630CFE0C797D}.Debug|x86.Build.0 = Debug|x86
		{BD382F5E-FF22-4F73-B638-630CFE0C797D}.Release|Any CPU.ActiveCfg = Release|Any CPU
		{BD382F5E-FF22-4F73-B638-630CFE0C797D}.Release|Any CPU.Build.0 = Release|Any CPU
		{BD382F5E-FF22-4F73-B638-630CFE0C797D}.Release|ARM.ActiveCfg = Release|ARM
		{BD382F5E-FF22-4F73-B638-630CFE0C797D}.Release|ARM.Build.0 = Release|ARM
		{BD382F5E-FF22-4F73-B638-630CFE0C797D}.Release|iPhone.ActiveCfg = Release|Any CPU
		{BD382F5E-FF22-4F73-B638-630CFE0C797D}.Release|iPhone.Build.0 = Release|Any CPU
		{BD382F5E-FF22-4F73-B638-630CFE0C797D}.Release|iPhoneSimulator.ActiveCfg = Release|Any CPU
		{BD382F5E-FF22-4F73-B638-630CFE0C797D}.Release|iPhoneSimulator.Build.0 = Release|Any CPU
		{BD382F5E-FF22-4F73-B638-630CFE0C797D}.Release|x64.ActiveCfg = Release|x64
		{BD382F5E-FF22-4F73-B638-630CFE0C797D}.Release|x64.Build.0 = Release|x64
		{BD382F5E-FF22-4F73-B638-630CFE0C797D}.Release|x86.ActiveCfg = Release|x86
		{BD382F5E-FF22-4F73-B638-630CFE0C797D}.Release|x86.Build.0 = Release|x86
	EndGlobalSection
	GlobalSection(SolutionProperties) = preSolution
		HideSolutionNode = FALSE
	EndGlobalSection
EndGlobal
